{
  "name": "lessmark-workspace",
  "version": "0.1.2",
  "lockfileVersion": 3,
  "requires": true,
  "packages": {
    "": {
      "name": "lessmark-workspace",
      "version": "0.1.2",
      "license": "MIT",
      "workspaces": [
        "packages/lessmark"
      ]
    },
    "node_modules/lessmark": {
      "resolved": "packages/lessmark",
      "link": true
    },
    "packages/lessmark": {
      "version": "0.1.2",
      "license": "MIT",
      "bin": {
        "lessmark": "bin/lessmark.js"
      },
      "engines": {
        "node": ">=20"
      }
    }
  }
}
